<?xml version="1.0" encoding="utf-8"?>
<Project ToolsVersion="4.0" xmlns="http://schemas.microsoft.com/developer/msbuild/2003">
  <ItemGroup>
    <ClCompile Include="dllmain.cpp" />
    <ClCompile Include="game\game.cpp">
      <Filter>game</Filter>
    </ClCompile>
    <ClCompile Include="client\client.cpp">
      <Filter>client</Filter>
    </ClCompile>
    <ClCompile Include="game\rendering\box.cpp">
      <Filter>game\rendering</Filter>
    </ClCompile>
    <ClCompile Include="game\rendering\D3DFont.cpp">
      <Filter>game\rendering</Filter>
    </ClCompile>
    <ClCompile Include="game\rendering\dx_utils.cpp">
      <Filter>game\rendering</Filter>
    </ClCompile>
    <ClCompile Include="game\rendering\image.cpp">
      <Filter>game\rendering</Filter>
    </ClCompile>
    <ClCompile Include="game\rendering\line.cpp">
      <Filter>game\rendering</Filter>
    </ClCompile>
    <ClCompile Include="game\rendering\renderbase.cpp">
      <Filter>game\rendering</Filter>
    </ClCompile>
    <ClCompile Include="game\rendering\renderer.cpp">
      <Filter>game\rendering</Filter>
    </ClCompile>
    <ClCompile Include="game\rendering\text.cpp">
      <Filter>game\rendering</Filter>
    </ClCompile>
    <ClCompile Include="game\messagehandler.cpp">
      <Filter>game</Filter>
    </ClCompile>
    <ClCompile Include="utils\misc.cpp">
      <Filter>utils</Filter>
    </ClCompile>
    <ClCompile Include="utils\namedpipeclient.cpp">
      <Filter>utils</Filter>
    </ClCompile>
    <ClCompile Include="utils\namedpipeserver.cpp">
      <Filter>utils</Filter>
    </ClCompile>
    <ClCompile Include="utils\pattern.cpp">
      <Filter>utils</Filter>
    </ClCompile>
    <ClCompile Include="client\render.cpp">
      <Filter>client</Filter>
    </ClCompile>
  </ItemGroup>
  <ItemGroup>
    <Filter Include="game">
      <UniqueIdentifier>{cd0420a0-7f6c-4057-b791-e3d61d9c24ca}</UniqueIdentifier>
    </Filter>
    <Filter Include="client">
      <UniqueIdentifier>{bba86b6d-8571-4a75-b67a-40abb9ad0000}</UniqueIdentifier>
    </Filter>
    <Filter Include="game\rendering">
      <UniqueIdentifier>{13d9c7aa-01e3-429c-b233-9963d359d701}</UniqueIdentifier>
    </Filter>
    <Filter Include="utils">
      <UniqueIdentifier>{73d3675a-a6ac-4c93-ac87-a1d4d500dcc9}</UniqueIdentifier>
    </Filter>
    <Filter Include="shared">
      <UniqueIdentifier>{3b5d3b0a-16b2-4805-a0a8-4cf8445aec66}</UniqueIdentifier>
    </Filter>
  </ItemGroup>
  <ItemGroup>
    <ClInclude Include="game\game.h">
      <Filter>game</Filter>
    </ClInclude>
    <ClInclude Include="client\client.h">
      <Filter>client</Filter>
    </ClInclude>
    <ClInclude Include="dllmain.h" />
    <ClInclude Include="game\rendering\box.h">
      <Filter>game\rendering</Filter>
    </ClInclude>
    <ClInclude Include="game\rendering\D3DFont.h">
      <Filter>game\rendering</Filter>
    </ClInclude>
    <ClInclude Include="game\rendering\dx_utils.h">
      <Filter>game\rendering</Filter>
    </ClInclude>
    <ClInclude Include="game\rendering\image.h">
      <Filter>game\rendering</Filter>
    </ClInclude>
    <ClInclude Include="game\rendering\line.h">
      <Filter>game\rendering</Filter>
    </ClInclude>
    <ClInclude Include="game\rendering\renderbase.h">
      <Filter>game\rendering</Filter>
    </ClInclude>
    <ClInclude Include="game\rendering\renderer.h">
      <Filter>game\rendering</Filter>
    </ClInclude>
    <ClInclude Include="game\rendering\text.h">
      <Filter>game\rendering</Filter>
    </ClInclude>
    <ClInclude Include="game\messagehandler.h">
      <Filter>game</Filter>
    </ClInclude>
    <ClInclude Include="shared\pipemessages.h">
      <Filter>shared</Filter>
    </ClInclude>
    <ClInclude Include="utils\algorithm.h">
      <Filter>utils</Filter>
    </ClInclude>
    <ClInclude Include="utils\bitstream.h">
      <Filter>utils</Filter>
    </ClInclude>
    <ClInclude Include="utils\hook.h">
      <Filter>utils</Filter>
    </ClInclude>
    <ClInclude Include="utils\misc.h">
      <Filter>utils</Filter>
    </ClInclude>
    <ClInclude Include="utils\namedpipeclient.h">
      <Filter>utils</Filter>
    </ClInclude>
    <ClInclude Include="utils\namedpipeserver.h">
      <Filter>utils</Filter>
    </ClInclude>
    <ClInclude Include="utils\pattern.h">
      <Filter>utils</Filter>
    </ClInclude>
    <ClInclude Include="utils\windows.h">
      <Filter>utils</Filter>
    </ClInclude>
    <ClInclude Include="client\render.h">
      <Filter>client</Filter>
    </ClInclude>
  </ItemGroup>
</Project>