<?xml version="1.0" encoding="utf-8"?>
<Project ToolsVersion="4.0" xmlns="http://schemas.microsoft.com/developer/msbuild/2003">
  <ItemGroup>
    <Filter Include="misc">
      <UniqueIdentifier>{d4cc0191-ac6f-4d42-901b-2505073235ea}</UniqueIdentifier>
    </Filter>
    <Filter Include="rendering">
      <UniqueIdentifier>{4ea0c7f5-dc2f-4aaf-8f2b-a4e70c40aa74}</UniqueIdentifier>
    </Filter>
  </ItemGroup>
  <ItemGroup>
    <ClCompile Include="pattern.cpp">
      <Filter>misc</Filter>
    </ClCompile>
    <ClCompile Include="dllmain.cpp" />
    <ClCompile Include="dx_utils.cpp">
      <Filter>rendering</Filter>
    </ClCompile>
    <ClCompile Include="Image.cpp">
      <Filter>rendering</Filter>
    </ClCompile>
    <ClCompile Include="Line.cpp">
      <Filter>rendering</Filter>
    </ClCompile>
    <ClCompile Include="RenderBase.cpp">
      <Filter>rendering</Filter>
    </ClCompile>
    <ClCompile Include="Renderer.cpp">
      <Filter>rendering</Filter>
    </ClCompile>
    <ClCompile Include="Text.cpp">
      <Filter>rendering</Filter>
    </ClCompile>
    <ClCompile Include="Box.cpp">
      <Filter>rendering</Filter>
    </ClCompile>
    <ClCompile Include="D3DFont.cpp">
      <Filter>rendering</Filter>
    </ClCompile>
  </ItemGroup>
  <ItemGroup>
    <ClInclude Include="pattern.h">
      <Filter>misc</Filter>
    </ClInclude>
    <ClInclude Include="algorithm.h">
      <Filter>misc</Filter>
    </ClInclude>
    <ClInclude Include="hook.h">
      <Filter>misc</Filter>
    </ClInclude>
    <ClInclude Include="windows.h">
      <Filter>misc</Filter>
    </ClInclude>
    <ClInclude Include="Box.h">
      <Filter>rendering</Filter>
    </ClInclude>
    <ClInclude Include="dx_utils.h">
      <Filter>rendering</Filter>
    </ClInclude>
    <ClInclude Include="Image.h">
      <Filter>rendering</Filter>
    </ClInclude>
    <ClInclude Include="Line.h">
      <Filter>rendering</Filter>
    </ClInclude>
    <ClInclude Include="RenderBase.h">
      <Filter>rendering</Filter>
    </ClInclude>
    <ClInclude Include="Text.h">
      <Filter>rendering</Filter>
    </ClInclude>
    <ClInclude Include="D3DFont.h">
      <Filter>rendering</Filter>
    </ClInclude>
    <ClInclude Include="Renderer.h">
      <Filter>rendering</Filter>
    </ClInclude>
  </ItemGroup>
</Project>