<?xml version="1.0" encoding="utf-8"?>
<Project ToolsVersion="4.0" xmlns="http://schemas.microsoft.com/developer/msbuild/2003">
  <ItemGroup>
    <ClCompile Include="Game\Game.cpp">
      <Filter>Game</Filter>
    </ClCompile>
    <ClCompile Include="Game\Hook\Window.cpp">
      <Filter>Game\Hook</Filter>
    </ClCompile>
    <ClCompile Include="Game\Hook\Direct3D9.cpp">
      <Filter>Game\Hook\D3D9</Filter>
    </ClCompile>
    <ClCompile Include="Game\Hook\Direct3D9Ex.cpp">
      <Filter>Game\Hook\D3D9</Filter>
    </ClCompile>
    <ClCompile Include="Game\Hook\Direct3D10.cpp">
      <Filter>Game\Hook\D3D10</Filter>
    </ClCompile>
    <ClCompile Include="Game\Hook\DirectInput8.cpp">
      <Filter>Game\Hook\DInput8</Filter>
    </ClCompile>
    <ClCompile Include="Game\Hook\Direct3D11.cpp">
      <Filter>Game\Hook\D3D11</Filter>
    </ClCompile>
    <ClCompile Include="Game\Hook\Direct3D12.cpp">
      <Filter>Game\Hook\D3D12</Filter>
    </ClCompile>
    <ClCompile Include="Engine.cpp" />
  </ItemGroup>
  <ItemGroup>
    <Filter Include="Game">
      <UniqueIdentifier>{cd0420a0-7f6c-4057-b791-e3d61d9c24ca}</UniqueIdentifier>
    </Filter>
    <Filter Include="Utils">
      <UniqueIdentifier>{73d3675a-a6ac-4c93-ac87-a1d4d500dcc9}</UniqueIdentifier>
    </Filter>
    <Filter Include="Shared">
      <UniqueIdentifier>{3b5d3b0a-16b2-4805-a0a8-4cf8445aec66}</UniqueIdentifier>
    </Filter>
    <Filter Include="Game\Hook">
      <UniqueIdentifier>{d80dc06f-9e19-4300-bbdc-c3d72172e3ec}</UniqueIdentifier>
    </Filter>
    <Filter Include="Game\Hook\D3D9">
      <UniqueIdentifier>{e807212c-4096-4993-883a-6a0bf4aa7aa9}</UniqueIdentifier>
    </Filter>
    <Filter Include="Game\Hook\D3D10">
      <UniqueIdentifier>{9b51e062-9c73-4803-b205-97d83c8501b3}</UniqueIdentifier>
    </Filter>
    <Filter Include="Game\Hook\DInput8">
      <UniqueIdentifier>{2886b68a-63b5-495c-8bce-ef308db2b907}</UniqueIdentifier>
    </Filter>
    <Filter Include="Game\Hook\D3D11">
      <UniqueIdentifier>{170e4a2e-f495-444e-b4f2-491ad22e6b24}</UniqueIdentifier>
    </Filter>
    <Filter Include="Game\Hook\D3D12">
      <UniqueIdentifier>{c6f9a2b6-b779-4663-b03b-05a92612abbf}</UniqueIdentifier>
    </Filter>
    <Filter Include="Shared\Engine">
      <UniqueIdentifier>{a26e79e9-e370-42f5-bf95-655d700633c3}</UniqueIdentifier>
    </Filter>
    <Filter Include="Core">
      <UniqueIdentifier>{943af5e4-f7b5-4a27-994d-d2125a64f920}</UniqueIdentifier>
    </Filter>
  </ItemGroup>
  <ItemGroup>
    <ClInclude Include="Game\Game.h">
      <Filter>Game</Filter>
    </ClInclude>
    <ClInclude Include="Utils\Hook.h">
      <Filter>Utils</Filter>
    </ClInclude>
    <ClInclude Include="Game\Hook\Window.h">
      <Filter>Game\Hook</Filter>
    </ClInclude>
    <ClInclude Include="Game\Hook\Direct3D9Ex.h">
      <Filter>Game\Hook\D3D9</Filter>
    </ClInclude>
    <ClInclude Include="Game\Hook\Direct3D9.h">
      <Filter>Game\Hook\D3D9</Filter>
    </ClInclude>
    <ClInclude Include="Game\Hook\Direct3D10.h">
      <Filter>Game\Hook\D3D10</Filter>
    </ClInclude>
    <ClInclude Include="Game\Hook\DirectInput8.h">
      <Filter>Game\Hook\DInput8</Filter>
    </ClInclude>
    <ClInclude Include="Game\Hook\Direct3DBase.h">
      <Filter>Game\Hook</Filter>
    </ClInclude>
    <ClInclude Include="Game\Hook\Direct3D11.h">
      <Filter>Game\Hook\D3D11</Filter>
    </ClInclude>
    <ClInclude Include="Game\Hook\DXGI.h">
      <Filter>Game\Hook</Filter>
    </ClInclude>
    <ClInclude Include="Game\Hook\Direct3D12.h">
      <Filter>Game\Hook\D3D12</Filter>
    </ClInclude>
    <ClInclude Include="Global.h">
      <Filter>Utils</Filter>
    </ClInclude>
    <ClInclude Include="..\..\include\Indicium\Engine\IndiciumCore.h">
      <Filter>Shared\Engine</Filter>
    </ClInclude>
    <ClInclude Include="..\..\include\Indicium\Engine\IndiciumDirect3D9.h">
      <Filter>Shared\Engine</Filter>
    </ClInclude>
    <ClInclude Include="..\..\include\Indicium\Engine\IndiciumDirect3D10.h">
      <Filter>Shared\Engine</Filter>
    </ClInclude>
    <ClInclude Include="..\..\include\Indicium\Engine\IndiciumDirect3D11.h">
      <Filter>Shared\Engine</Filter>
    </ClInclude>
    <ClInclude Include="..\..\include\Indicium\Engine\IndiciumDirect3D12.h">
      <Filter>Shared\Engine</Filter>
    </ClInclude>
    <ClInclude Include="Engine.h" />
    <ClInclude Include="resource.h" />
    <ClInclude Include="Exceptions.hpp">
      <Filter>Core</Filter>
    </ClInclude>
  </ItemGroup>
  <ItemGroup>
    <ResourceCompile Include="Indicium-Supra.rc" />
  </ItemGroup>
</Project>