<?xml version="1.0" encoding="utf-8"?>
<Project ToolsVersion="4.0" xmlns="http://schemas.microsoft.com/developer/msbuild/2003">
  <ItemGroup>
    <ClCompile Include="dllmain.cpp" />
    <ClCompile Include="Client\Client.cpp">
      <Filter>Client</Filter>
    </ClCompile>
    <ClCompile Include="Client\Render.cpp">
      <Filter>Client</Filter>
    </ClCompile>
    <ClCompile Include="Game\Rendering\Box.cpp">
      <Filter>Game\Rendering</Filter>
    </ClCompile>
    <ClCompile Include="Game\Rendering\dx_utils.cpp">
      <Filter>Game\Rendering</Filter>
    </ClCompile>
    <ClCompile Include="Game\Rendering\Image.cpp">
      <Filter>Game\Rendering</Filter>
    </ClCompile>
    <ClCompile Include="Game\Rendering\Line.cpp">
      <Filter>Game\Rendering</Filter>
    </ClCompile>
    <ClCompile Include="Game\Rendering\RenderBase.cpp">
      <Filter>Game\Rendering</Filter>
    </ClCompile>
    <ClCompile Include="Game\Rendering\Renderer.cpp">
      <Filter>Game\Rendering</Filter>
    </ClCompile>
    <ClCompile Include="Game\Rendering\Text.cpp">
      <Filter>Game\Rendering</Filter>
    </ClCompile>
    <ClCompile Include="Game\Game.cpp">
      <Filter>Game</Filter>
    </ClCompile>
    <ClCompile Include="Game\Messagehandler.cpp">
      <Filter>Game</Filter>
    </ClCompile>
    <ClCompile Include="Utils\Misc.cpp">
      <Filter>Utils</Filter>
    </ClCompile>
    <ClCompile Include="Utils\PipeClient.cpp">
      <Filter>Utils</Filter>
    </ClCompile>
    <ClCompile Include="Utils\PipeServer.cpp">
      <Filter>Utils</Filter>
    </ClCompile>
    <ClCompile Include="Utils\Serializer.cpp">
      <Filter>Utils</Filter>
    </ClCompile>
    <ClCompile Include="Game\Rendering\C2DFont.cpp">
      <Filter>Game\Rendering</Filter>
    </ClCompile>
    <ClCompile Include="Game\Hook\Window.cpp">
      <Filter>Game\Hook</Filter>
    </ClCompile>
    <ClCompile Include="Game\Hook\Direct3D9.cpp">
      <Filter>Game\Hook\D3D9</Filter>
    </ClCompile>
    <ClCompile Include="Game\Hook\Direct3D9Ex.cpp">
      <Filter>Game\Hook\D3D9</Filter>
    </ClCompile>
    <ClCompile Include="Game\Hook\Direct3D10.cpp">
      <Filter>Game\Hook\D3D10</Filter>
    </ClCompile>
    <ClCompile Include="Game\Hook\DirectInput8.cpp">
      <Filter>Game\Hook\DInput8</Filter>
    </ClCompile>
    <ClCompile Include="Game\Hook\Direct3DBase.cpp">
      <Filter>Game\Hook</Filter>
    </ClCompile>
    <ClCompile Include="Game\Hook\Direct3D11.cpp">
      <Filter>Game\Hook\D3D11</Filter>
    </ClCompile>
    <ClCompile Include="Utils\PluginManager.cpp">
      <Filter>Utils</Filter>
    </ClCompile>
  </ItemGroup>
  <ItemGroup>
    <Filter Include="Client">
      <UniqueIdentifier>{bba86b6d-8571-4a75-b67a-40abb9ad0000}</UniqueIdentifier>
    </Filter>
    <Filter Include="Game">
      <UniqueIdentifier>{cd0420a0-7f6c-4057-b791-e3d61d9c24ca}</UniqueIdentifier>
    </Filter>
    <Filter Include="Game\Rendering">
      <UniqueIdentifier>{13d9c7aa-01e3-429c-b233-9963d359d701}</UniqueIdentifier>
    </Filter>
    <Filter Include="Utils">
      <UniqueIdentifier>{73d3675a-a6ac-4c93-ac87-a1d4d500dcc9}</UniqueIdentifier>
    </Filter>
    <Filter Include="Shared">
      <UniqueIdentifier>{3b5d3b0a-16b2-4805-a0a8-4cf8445aec66}</UniqueIdentifier>
    </Filter>
    <Filter Include="Game\Hook">
      <UniqueIdentifier>{d80dc06f-9e19-4300-bbdc-c3d72172e3ec}</UniqueIdentifier>
    </Filter>
    <Filter Include="Game\Hook\D3D9">
      <UniqueIdentifier>{e807212c-4096-4993-883a-6a0bf4aa7aa9}</UniqueIdentifier>
    </Filter>
    <Filter Include="Game\Hook\D3D10">
      <UniqueIdentifier>{9b51e062-9c73-4803-b205-97d83c8501b3}</UniqueIdentifier>
    </Filter>
    <Filter Include="Game\Hook\DInput8">
      <UniqueIdentifier>{2886b68a-63b5-495c-8bce-ef308db2b907}</UniqueIdentifier>
    </Filter>
    <Filter Include="ImGUI">
      <UniqueIdentifier>{2b46b72f-b2a2-46b5-bb60-4be1adc13ba6}</UniqueIdentifier>
    </Filter>
    <Filter Include="ImGUI\DX9">
      <UniqueIdentifier>{ac03c026-7baf-431a-82c2-2f88dd3a11ad}</UniqueIdentifier>
    </Filter>
    <Filter Include="ImGUI\DX10">
      <UniqueIdentifier>{917ffe03-5a48-4bff-97c2-1c1ab2615405}</UniqueIdentifier>
    </Filter>
    <Filter Include="ImGUI\DX11">
      <UniqueIdentifier>{91805050-e810-4212-b22b-65b8d44de6be}</UniqueIdentifier>
    </Filter>
    <Filter Include="Game\Hook\D3D11">
      <UniqueIdentifier>{170e4a2e-f495-444e-b4f2-491ad22e6b24}</UniqueIdentifier>
    </Filter>
  </ItemGroup>
  <ItemGroup>
    <ClInclude Include="dllmain.h" />
    <ClInclude Include="Client\Client.h">
      <Filter>Client</Filter>
    </ClInclude>
    <ClInclude Include="Client\Render.h">
      <Filter>Client</Filter>
    </ClInclude>
    <ClInclude Include="Game\Rendering\Box.h">
      <Filter>Game\Rendering</Filter>
    </ClInclude>
    <ClInclude Include="Game\Rendering\dx_utils.h">
      <Filter>Game\Rendering</Filter>
    </ClInclude>
    <ClInclude Include="Game\Rendering\Image.h">
      <Filter>Game\Rendering</Filter>
    </ClInclude>
    <ClInclude Include="Game\Rendering\Line.h">
      <Filter>Game\Rendering</Filter>
    </ClInclude>
    <ClInclude Include="Game\Rendering\RenderBase.h">
      <Filter>Game\Rendering</Filter>
    </ClInclude>
    <ClInclude Include="Game\Rendering\Renderer.h">
      <Filter>Game\Rendering</Filter>
    </ClInclude>
    <ClInclude Include="Game\Rendering\Text.h">
      <Filter>Game\Rendering</Filter>
    </ClInclude>
    <ClInclude Include="Game\Game.h">
      <Filter>Game</Filter>
    </ClInclude>
    <ClInclude Include="Game\Messagehandler.h">
      <Filter>Game</Filter>
    </ClInclude>
    <ClInclude Include="Shared\PipeMessages.h">
      <Filter>Shared</Filter>
    </ClInclude>
    <ClInclude Include="Utils\algorithm.h">
      <Filter>Utils</Filter>
    </ClInclude>
    <ClInclude Include="Utils\Hook.h">
      <Filter>Utils</Filter>
    </ClInclude>
    <ClInclude Include="Utils\Misc.h">
      <Filter>Utils</Filter>
    </ClInclude>
    <ClInclude Include="Utils\Windows.h">
      <Filter>Utils</Filter>
    </ClInclude>
    <ClInclude Include="Shared\Config.h">
      <Filter>Shared</Filter>
    </ClInclude>
    <ClInclude Include="Utils\PipeClient.h">
      <Filter>Utils</Filter>
    </ClInclude>
    <ClInclude Include="Utils\PipeServer.h">
      <Filter>Utils</Filter>
    </ClInclude>
    <ClInclude Include="Utils\SafeBlock.h">
      <Filter>Utils</Filter>
    </ClInclude>
    <ClInclude Include="Utils\Serializer.h">
      <Filter>Utils</Filter>
    </ClInclude>
    <ClInclude Include="Game\Rendering\C2DFont.h">
      <Filter>Game\Rendering</Filter>
    </ClInclude>
    <ClInclude Include="resource.h" />
    <ClInclude Include="Game\Hook\Window.h">
      <Filter>Game\Hook</Filter>
    </ClInclude>
    <ClInclude Include="Game\Hook\Direct3D9Ex.h">
      <Filter>Game\Hook\D3D9</Filter>
    </ClInclude>
    <ClInclude Include="Game\Hook\Direct3D9.h">
      <Filter>Game\Hook\D3D9</Filter>
    </ClInclude>
    <ClInclude Include="Game\Hook\Direct3D10.h">
      <Filter>Game\Hook\D3D10</Filter>
    </ClInclude>
    <ClInclude Include="Game\Hook\DirectInput8.h">
      <Filter>Game\Hook\DInput8</Filter>
    </ClInclude>
    <ClInclude Include="intarch.h">
      <Filter>Shared</Filter>
    </ClInclude>
    <ClInclude Include="Game\Hook\Direct3DBase.h">
      <Filter>Game\Hook</Filter>
    </ClInclude>
    <ClInclude Include="Game\Hook\Direct3D11.h">
      <Filter>Game\Hook\D3D11</Filter>
    </ClInclude>
    <ClInclude Include="Game\Hook\DXGI.h">
      <Filter>Game\Hook</Filter>
    </ClInclude>
    <ClInclude Include="Utils\PluginManager.h">
      <Filter>Utils</Filter>
    </ClInclude>
  </ItemGroup>
  <ItemGroup>
    <None Include="packages.config" />
  </ItemGroup>
  <ItemGroup>
    <ResourceCompile Include="Indicium-Supra.rc" />
  </ItemGroup>
</Project>